
Microsoft Visual Studio Solution File, Format Version 12.00
# Visual Studio Version 16
VisualStudioVersion = 16.0.31129.286
MinimumVisualStudioVersion = 10.0.40219.1
Project("{9A19103F-16F7-4668-BE54-9A1E7A4F7556}") = "SiatemaGuicho", "SistemaGuicho\SiatemaGuicho.csproj", "{E6ADBD7C-1932-445B-8664-1B544621C6AA}"
EndProject
Global
	GlobalSection(SolutionConfigurationPlatforms) = preSolution
		Debug|Any CPU = Debug|Any CPU
		Release|Any CPU = Release|Any CPU
	EndGlobalSection
	GlobalSection(ProjectConfigurationPlatforms) = postSolution
		{E6ADBD7C-1932-445B-8664-1B544621C6AA}.Debug|Any CPU.ActiveCfg = Debug|Any CPU
		{E6ADBD7C-1932-445B-8664-1B544621C6AA}.Debug|Any CPU.Build.0 = Debug|Any CPU
		{E6ADBD7C-1932-445B-8664-1B544621C6AA}.Release|Any CPU.ActiveCfg = Release|Any CPU
		{E6ADBD7C-1932-445B-8664-1B544621C6AA}.Release|Any CPU.Build.0 = Release|Any CPU
	EndGlobalSection
	GlobalSection(SolutionProperties) = preSolution
		HideSolutionNode = FALSE
	EndGlobalSection
	GlobalSection(ExtensibilityGlobals) = postSolution
		SolutionGuid = {27B5352D-4068-4C94-83FF-87A2F898BA45}
	EndGlobalSection
EndGlobal
